
Microsoft Visual Studio Solution File, Format Version 12.00
# Visual Studio Version 16
VisualStudioVersion = 16.0.34301.259
MinimumVisualStudioVersion = 10.0.40219.1
Project("{FAE04EC0-301F-11D3-BF4B-00C04F79EFBC}") = "OpmlEditor", "OpmlEditor\OpmlEditor.csproj", "{A70362EE-B7FF-4A0A-97C9-A97F4E9ABB41}"
EndProject
Global
	GlobalSection(SolutionConfigurationPlatforms) = preSolution
		Debug|Any CPU = Debug|Any CPU
		Release|Any CPU = Release|Any CPU
	EndGlobalSection
	GlobalSection(ProjectConfigurationPlatforms) = postSolution
		{A70362EE-B7FF-4A0A-97C9-A97F4E9ABB41}.Debug|Any CPU.ActiveCfg = Debug|Any CPU
		{A70362EE-B7FF-4A0A-97C9-A97F4E9ABB41}.Debug|Any CPU.Build.0 = Debug|Any CPU
		{A70362EE-B7FF-4A0A-97C9-A97F4E9ABB41}.Release|Any CPU.ActiveCfg = Release|Any CPU
		{A70362EE-B7FF-4A0A-97C9-A97F4E9ABB41}.Release|Any CPU.Build.0 = Release|Any CPU
	EndGlobalSection
	GlobalSection(SolutionProperties) = preSolution
		HideSolutionNode = FALSE
	EndGlobalSection
	GlobalSection(ExtensibilityGlobals) = postSolution
		SolutionGuid = {28697097-AF15-40F1-934D-9D6ACE2904A0}
	EndGlobalSection
EndGlobal
